<Solution>
  <Folder Name="/samples/">
    <Project Path="samples/Runiq.AI.Expense/Runiq.AI.Expense.csproj" />
    <Project Path="samples/Runiq.AI.DashboardSecurityRole/Runiq.AI.DashboardSecurityRole.csproj" />
    <Project Path="samples/Runiq.AI.DashboardSecurityUser/Runiq.AI.DashboardSecurityUser.csproj" />
    <Project Path="samples/Runiq.AI.Rag.CorporateDocumentAssistant/Runiq.AI.Rag.CorporateDocumentAssistant.csproj" />
    <Project Path="samples/Runiq.AI.Rag.IngestionSample/Runiq.AI.Rag.IngestionSample.csproj" />
    <Project Path="samples/Runiq.AI.Rag.UpsertPipelineSample/Runiq.AI.Rag.UpsertPipelineSample.csproj" />
    <Project Path="samples/Runiq.AI.WorkflowTravelPlanner/Runiq.AI.WorkflowTravelPlanner.csproj" />
  </Folder>
  <Folder Name="/src/">
    <Project Path="src/Runiq.AI.Agents/Runiq.AI.Agents.csproj" />
    <Project Path="src/Runiq.AI.Cli/Runiq.AI.Cli.csproj" />
    <Project Path="src/Runiq.AI.Core/Runiq.AI.Core.csproj" />
    <Project Path="src/Runiq.AI.Mcp/Runiq.AI.Mcp.csproj" />
    <Project Path="src/Runiq.AI.Rag/Runiq.AI.Rag.csproj" />
    <Project Path="src/Runiq.AI.Rag.PostgreSql/Runiq.AI.Rag.PostgreSql.csproj" />
    <Project Path="src/Runiq.AI.Workflows/Runiq.AI.Workflows.csproj" />
  </Folder>
  <Folder Name="/tests/">
    <Project Path="tests/Runiq.AI.Agents.Tests/Runiq.AI.Agents.Tests.csproj" />
    <Project Path="tests/Runiq.AI.Cli.Tests/Runiq.AI.Cli.Tests.csproj" />
    <Project Path="tests/Runiq.AI.Core.Tests/Runiq.AI.Core.Tests.csproj" />
    <Project Path="tests/Runiq.AI.Rag.Tests/Runiq.AI.Rag.Tests.csproj" />
    <Project Path="tests/Runiq.AI.Rag.PostgreSql.Tests/Runiq.AI.Rag.PostgreSql.Tests.csproj" />
    <Project Path="tests/Runiq.AI.Workflows.Tests/Runiq.AI.Workflows.Tests.csproj" />
  </Folder>
</Solution>



